
Microsoft Visual Studio Solution File, Format Version 12.00
# Visual Studio 15
VisualStudioVersion = 15.0.27703.2035
MinimumVisualStudioVersion = 10.0.40219.1
Project("{FAE04EC0-301F-11D3-BF4B-00C04F79EFBC}") = "OptimalEating", "OptimalEating.csproj", "{67F17CD2-C998-4F58-9C01-59D7996D3E2B}"
EndProject
Global
	GlobalSection(SolutionConfigurationPlatforms) = preSolution
		Debug|Any CPU = Debug|Any CPU
		Release|Any CPU = Release|Any CPU
	EndGlobalSection
	GlobalSection(ProjectConfigurationPlatforms) = postSolution
		{67F17CD2-C998-4F58-9C01-59D7996D3E2B}.Debug|Any CPU.ActiveCfg = Debug|Any CPU
		{67F17CD2-C998-4F58-9C01-59D7996D3E2B}.Debug|Any CPU.Build.0 = Debug|Any CPU
		{67F17CD2-C998-4F58-9C01-59D7996D3E2B}.Release|Any CPU.ActiveCfg = Release|Any CPU
		{67F17CD2-C998-4F58-9C01-59D7996D3E2B}.Release|Any CPU.Build.0 = Release|Any CPU
	EndGlobalSection
	GlobalSection(SolutionProperties) = preSolution
		HideSolutionNode = FALSE
	EndGlobalSection
	GlobalSection(ExtensibilityGlobals) = postSolution
		SolutionGuid = {799A6100-8895-46B6-9A1B-8D323F324B62}
	EndGlobalSection
EndGlobal
